
Microsoft Visual Studio Solution File, Format Version 12.00
# Visual Studio Version 17
VisualStudioVersion = 17.9.34714.143
MinimumVisualStudioVersion = 10.0.40219.1
Project("{FAE04EC0-301F-11D3-BF4B-00C04F79EFBC}") = "CarManufacturer", "CarManufacturer\CarManufacturer.csproj", "{AADC8805-DAB2-4343-8B86-7ADC6D3F25A6}"
EndProject
Global
	GlobalSection(SolutionConfigurationPlatforms) = preSolution
		Debug|Any CPU = Debug|Any CPU
		Release|Any CPU = Release|Any CPU
	EndGlobalSection
	GlobalSection(ProjectConfigurationPlatforms) = postSolution
		{AADC8805-DAB2-4343-8B86-7ADC6D3F25A6}.Debug|Any CPU.ActiveCfg = Debug|Any CPU
		{AADC8805-DAB2-4343-8B86-7ADC6D3F25A6}.Debug|Any CPU.Build.0 = Debug|Any CPU
		{AADC8805-DAB2-4343-8B86-7ADC6D3F25A6}.Release|Any CPU.ActiveCfg = Release|Any CPU
		{AADC8805-DAB2-4343-8B86-7ADC6D3F25A6}.Release|Any CPU.Build.0 = Release|Any CPU
	EndGlobalSection
	GlobalSection(SolutionProperties) = preSolution
		HideSolutionNode = FALSE
	EndGlobalSection
	GlobalSection(ExtensibilityGlobals) = postSolution
		SolutionGuid = {5E858158-36EC-4283-B377-35C0C3F5EFF7}
	EndGlobalSection
EndGlobal
