
Microsoft Visual Studio Solution File, Format Version 12.00
# Visual Studio Version 17
VisualStudioVersion = 17.9.34622.214
MinimumVisualStudioVersion = 10.0.40219.1
Project("{FAE04EC0-301F-11D3-BF4B-00C04F79EFBC}") = "Strings and Text Processing", "Strings and Text Processing\Strings and Text Processing.csproj", "{930E5D5B-AB0F-4560-B1D1-391B154C83EF}"
EndProject
Project("{FAE04EC0-301F-11D3-BF4B-00C04F79EFBC}") = "Repeat Stringss", "Repeat Stringss\Repeat Stringss.csproj", "{9CE65B68-B7BF-4C43-AFF0-B2AB916E1EFE}"
EndProject
Project("{FAE04EC0-301F-11D3-BF4B-00C04F79EFBC}") = "Text Filter", "Text Filter\Text Filter.csproj", "{52E2C730-E672-4EED-B46E-8C6EB3DB99BB}"
EndProject
Project("{FAE04EC0-301F-11D3-BF4B-00C04F79EFBC}") = "Digits, Letters and Others", "Digits, Letters and Others\Digits, Letters and Others.csproj", "{91217B00-A175-42F2-A0B5-64ACBD76EB06}"
EndProject
Global
	GlobalSection(SolutionConfigurationPlatforms) = preSolution
		Debug|Any CPU = Debug|Any CPU
		Release|Any CPU = Release|Any CPU
	EndGlobalSection
	GlobalSection(ProjectConfigurationPlatforms) = postSolution
		{930E5D5B-AB0F-4560-B1D1-391B154C83EF}.Debug|Any CPU.ActiveCfg = Debug|Any CPU
		{930E5D5B-AB0F-4560-B1D1-391B154C83EF}.Debug|Any CPU.Build.0 = Debug|Any CPU
		{930E5D5B-AB0F-4560-B1D1-391B154C83EF}.Release|Any CPU.ActiveCfg = Release|Any CPU
		{930E5D5B-AB0F-4560-B1D1-391B154C83EF}.Release|Any CPU.Build.0 = Release|Any CPU
		{9CE65B68-B7BF-4C43-AFF0-B2AB916E1EFE}.Debug|Any CPU.ActiveCfg = Debug|Any CPU
		{9CE65B68-B7BF-4C43-AFF0-B2AB916E1EFE}.Debug|Any CPU.Build.0 = Debug|Any CPU
		{9CE65B68-B7BF-4C43-AFF0-B2AB916E1EFE}.Release|Any CPU.ActiveCfg = Release|Any CPU
		{9CE65B68-B7BF-4C43-AFF0-B2AB916E1EFE}.Release|Any CPU.Build.0 = Release|Any CPU
		{52E2C730-E672-4EED-B46E-8C6EB3DB99BB}.Debug|Any CPU.ActiveCfg = Debug|Any CPU
		{52E2C730-E672-4EED-B46E-8C6EB3DB99BB}.Debug|Any CPU.Build.0 = Debug|Any CPU
		{52E2C730-E672-4EED-B46E-8C6EB3DB99BB}.Release|Any CPU.ActiveCfg = Release|Any CPU
		{52E2C730-E672-4EED-B46E-8C6EB3DB99BB}.Release|Any CPU.Build.0 = Release|Any CPU
		{91217B00-A175-42F2-A0B5-64ACBD76EB06}.Debug|Any CPU.ActiveCfg = Debug|Any CPU
		{91217B00-A175-42F2-A0B5-64ACBD76EB06}.Debug|Any CPU.Build.0 = Debug|Any CPU
		{91217B00-A175-42F2-A0B5-64ACBD76EB06}.Release|Any CPU.ActiveCfg = Release|Any CPU
		{91217B00-A175-42F2-A0B5-64ACBD76EB06}.Release|Any CPU.Build.0 = Release|Any CPU
	EndGlobalSection
	GlobalSection(SolutionProperties) = preSolution
		HideSolutionNode = FALSE
	EndGlobalSection
	GlobalSection(ExtensibilityGlobals) = postSolution
		SolutionGuid = {CC89DD64-B209-42C5-9046-E520920D9F1E}
	EndGlobalSection
EndGlobal
